# THIS IS AN AUTOGENERATED FILE. DO NOT EDIT THIS FILE DIRECTLY.
# yarn lockfile v1


"@types/node@^15.12.0":
  version "15.12.0"
  resolved "https://registry.nlark.com/@types/node/download/@types/node-15.12.0.tgz#6a459d261450a300e6865faeddb5af01c3389bb3"
  integrity sha1-akWdJhRQowDmhl+u3bWvAcM4m7M=

rxjs@^7.1.0:
  version "7.1.0"
  resolved "https://registry.nlark.com/rxjs/download/rxjs-7.1.0.tgz?cache=0&sync_timestamp=1621619391474&other_urls=https%3A%2F%2Fregistry.nlark.com%2Frxjs%2Fdownload%2Frxjs-7.1.0.tgz#94202d27b19305ef7b1a4f330277b2065df7039e"
  integrity sha1-lCAtJ7GTBe97Gk8zAneyBl33A54=
  dependencies:
    tslib "~2.1.0"

tslib@~2.1.0:
  version "2.1.0"
  resolved "https://registry.npm.taobao.org/tslib/download/tslib-2.1.0.tgz#da60860f1c2ecaa5703ab7d39bc05b6bf988b97a"
  integrity sha1-2mCGDxwuyqVwOrfTm8Bba/mIuXo=
